
Microsoft Visual Studio Solution File, Format Version 12.00
# Visual Studio Version 16
VisualStudioVersion = 16.0.32802.440
MinimumVisualStudioVersion = 10.0.40219.1
Project("{FAE04EC0-301F-11D3-BF4B-00C04F79EFBC}") = "P1_T1", "P1_T1\P1_T1.csproj", "{44871C8B-22B3-4E60-9E97-0050AFCA4CC8}"
EndProject
Global
	GlobalSection(SolutionConfigurationPlatforms) = preSolution
		Debug|Any CPU = Debug|Any CPU
		Release|Any CPU = Release|Any CPU
	EndGlobalSection
	GlobalSection(ProjectConfigurationPlatforms) = postSolution
		{44871C8B-22B3-4E60-9E97-0050AFCA4CC8}.Debug|Any CPU.ActiveCfg = Debug|Any CPU
		{44871C8B-22B3-4E60-9E97-0050AFCA4CC8}.Debug|Any CPU.Build.0 = Debug|Any CPU
		{44871C8B-22B3-4E60-9E97-0050AFCA4CC8}.Release|Any CPU.ActiveCfg = Release|Any CPU
		{44871C8B-22B3-4E60-9E97-0050AFCA4CC8}.Release|Any CPU.Build.0 = Release|Any CPU
	EndGlobalSection
	GlobalSection(SolutionProperties) = preSolution
		HideSolutionNode = FALSE
	EndGlobalSection
	GlobalSection(ExtensibilityGlobals) = postSolution
		SolutionGuid = {5C13C65D-4F52-4801-B0FD-8CD23D7BE8BE}
	EndGlobalSection
EndGlobal
